
Microsoft Visual Studio Solution File, Format Version 12.00
# Visual Studio Version 17
VisualStudioVersion = 17.14.37027.9
MinimumVisualStudioVersion = 10.0.40219.1
Project("{FAE04EC0-301F-11D3-BF4B-00C04F79EFBC}") = "Single_Responsibility", "Single_Responsibility\Single_Responsibility.csproj", "{106BA409-9276-4465-9DEF-2E0565619C15}"
EndProject
Project("{FAE04EC0-301F-11D3-BF4B-00C04F79EFBC}") = "Open_Closed_Principle", "Open_Closed_Principle\Open_Closed_Principle.csproj", "{11B5892A-ABAE-4C28-BC88-0A2C7FB9F296}"
EndProject
Project("{FAE04EC0-301F-11D3-BF4B-00C04F79EFBC}") = "Liskov_Substitution", "Liskov_Substitution\Liskov_Substitution.csproj", "{45A2DE32-D6E3-4B2F-8D57-F67D24173B0C}"
EndProject
Project("{FAE04EC0-301F-11D3-BF4B-00C04F79EFBC}") = "Interface_Segregation", "Interface_Segregation\Interface_Segregation.csproj", "{1B37FC86-7309-4FD0-A4BB-169D40C44914}"
EndProject
Project("{FAE04EC0-301F-11D3-BF4B-00C04F79EFBC}") = "Dependacy_Inversion", "Dependacy_Invertion\Dependacy_Inversion.csproj", "{78A200A0-A33D-42FD-AA04-B04D647951DF}"
EndProject
Global
	GlobalSection(SolutionConfigurationPlatforms) = preSolution
		Debug|Any CPU = Debug|Any CPU
		Release|Any CPU = Release|Any CPU
	EndGlobalSection
	GlobalSection(ProjectConfigurationPlatforms) = postSolution
		{106BA409-9276-4465-9DEF-2E0565619C15}.Debug|Any CPU.ActiveCfg = Debug|Any CPU
		{106BA409-9276-4465-9DEF-2E0565619C15}.Debug|Any CPU.Build.0 = Debug|Any CPU
		{106BA409-9276-4465-9DEF-2E0565619C15}.Release|Any CPU.ActiveCfg = Release|Any CPU
		{106BA409-9276-4465-9DEF-2E0565619C15}.Release|Any CPU.Build.0 = Release|Any CPU
		{11B5892A-ABAE-4C28-BC88-0A2C7FB9F296}.Debug|Any CPU.ActiveCfg = Debug|Any CPU
		{11B5892A-ABAE-4C28-BC88-0A2C7FB9F296}.Debug|Any CPU.Build.0 = Debug|Any CPU
		{11B5892A-ABAE-4C28-BC88-0A2C7FB9F296}.Release|Any CPU.ActiveCfg = Release|Any CPU
		{11B5892A-ABAE-4C28-BC88-0A2C7FB9F296}.Release|Any CPU.Build.0 = Release|Any CPU
		{45A2DE32-D6E3-4B2F-8D57-F67D24173B0C}.Debug|Any CPU.ActiveCfg = Debug|Any CPU
		{45A2DE32-D6E3-4B2F-8D57-F67D24173B0C}.Debug|Any CPU.Build.0 = Debug|Any CPU
		{45A2DE32-D6E3-4B2F-8D57-F67D24173B0C}.Release|Any CPU.ActiveCfg = Release|Any CPU
		{45A2DE32-D6E3-4B2F-8D57-F67D24173B0C}.Release|Any CPU.Build.0 = Release|Any CPU
		{1B37FC86-7309-4FD0-A4BB-169D40C44914}.Debug|Any CPU.ActiveCfg = Debug|Any CPU
		{1B37FC86-7309-4FD0-A4BB-169D40C44914}.Debug|Any CPU.Build.0 = Debug|Any CPU
		{1B37FC86-7309-4FD0-A4BB-169D40C44914}.Release|Any CPU.ActiveCfg = Release|Any CPU
		{1B37FC86-7309-4FD0-A4BB-169D40C44914}.Release|Any CPU.Build.0 = Release|Any CPU
		{78A200A0-A33D-42FD-AA04-B04D647951DF}.Debug|Any CPU.ActiveCfg = Debug|Any CPU
		{78A200A0-A33D-42FD-AA04-B04D647951DF}.Debug|Any CPU.Build.0 = Debug|Any CPU
		{78A200A0-A33D-42FD-AA04-B04D647951DF}.Release|Any CPU.ActiveCfg = Release|Any CPU
		{78A200A0-A33D-42FD-AA04-B04D647951DF}.Release|Any CPU.Build.0 = Release|Any CPU
	EndGlobalSection
	GlobalSection(SolutionProperties) = preSolution
		HideSolutionNode = FALSE
	EndGlobalSection
	GlobalSection(ExtensibilityGlobals) = postSolution
		SolutionGuid = {27ED1D8B-13C8-4E32-B1E0-0713507C5265}
	EndGlobalSection
EndGlobal
